// !$*UTF8*$!
{
	archiveVersion = 1;
	classes = {
	};
	objectVersion = 50;
	objects = {

/* Begin PBXBuildFile section */
		CA75BF5A24FD2BA300A56ECD /* AppDelegate.swift in Sources */ = {isa = PBXBuildFile; fileRef = CA75BF5924FD2BA300A56ECD /* AppDelegate.swift */; };
		CA75BF5C24FD2BA300A56ECD /* SceneDelegate.swift in Sources */ = {isa = PBXBuildFile; fileRef = CA75BF5B24FD2BA300A56ECD /* SceneDelegate.swift */; };
		CA75BF5E24FD2BA300A56ECD /* ViewController.swift in Sources */ = {isa = PBXBuildFile; fileRef = CA75BF5D24FD2BA300A56ECD /* ViewController.swift */; };
		CA75BF6124FD2BA300A56ECD /* Main.storyboard in Resources */ = {isa = PBXBuildFile; fileRef = CA75BF5F24FD2BA300A56ECD /* Main.storyboard */; };
		CA75BF6324FD2BA600A56ECD /* Assets.xcassets in Resources */ = {isa = PBXBuildFile; fileRef = CA75BF6224FD2BA600A56ECD /* Assets.xcassets */; };
		CA75BF6624FD2BA600A56ECD /* LaunchScreen.storyboard in Resources */ = {isa = PBXBuildFile; fileRef = CA75BF6424FD2BA600A56ECD /* LaunchScreen.storyboard */; };
/* End PBXBuildFile section */

/* Begin PBXFileReference section */
		CA75BF5624FD2BA300A56ECD /* DojoCalculadora.app */ = {isa = PBXFileReference; explicitFileType = wrapper.application; includeInIndex = 0; path = DojoCalculadora.app; sourceTree = BUILT_PRODUCTS_DIR; };
		CA75BF5924FD2BA300A56ECD /* AppDelegate.swift */ = {isa = PBXFileReference; lastKnownFileType = sourcecode.swift; path = AppDelegate.swift; sourceTree = "<group>"; };
		CA75BF5B24FD2BA300A56ECD /* SceneDelegate.swift */ = {isa = PBXFileReference; lastKnownFileType = sourcecode.swift; path = SceneDelegate.swift; sourceTree = "<group>"; };
		CA75BF5D24FD2BA300A56ECD /* ViewController.swift */ = {isa = PBXFileReference; lastKnownFileType = sourcecode.swift; path = ViewController.swift; sourceTree = "<group>"; };
		CA75BF6024FD2BA300A56ECD /* Base */ = {isa = PBXFileReference; lastKnownFileType = file.storyboard; name = Base; path = Base.lproj/Main.storyboard; sourceTree = "<group>"; };
		CA75BF6224FD2BA600A56ECD /* Assets.xcassets */ = {isa = PBXFileReference; lastKnownFileType = folder.assetcatalog; path = Assets.xcassets; sourceTree = "<group>"; };
		CA75BF6524FD2BA600A56ECD /* Base */ = {isa = PBXFileReference; lastKnownFileType = file.storyboard; name = Base; path = Base.lproj/LaunchScreen.storyboard; sourceTree = "<group>"; };
		CA75BF6724FD2BA600A56ECD /* Info.plist */ = {isa = PBXFileReference; lastKnownFileType = text.plist.xml; path = Info.plist; sourceTree = "<group>"; };
/* End PBXFileReference section */

/* Begin PBXFrameworksBuildPhase section */
		CA75BF5324FD2BA300A56ECD /* Frameworks */ = {
			isa = PBXFrameworksBuildPhase;
			buildActionMask = 2147483647;
			files = (
			);
			runOnlyForDeploymentPostprocessing = 0;
		};
/* End PBXFrameworksBuildPhase section */

/* Begin PBXGroup section */
		CA75BF4D24FD2BA300A56ECD = {
			isa = PBXGroup;
			children = (
				CA75BF5824FD2BA300A56ECD /* DojoCalculadora */,
				CA75BF5724FD2BA300A56ECD /* Products */,
			);
			sourceTree = "<group>";
		};
		CA75BF5724FD2BA300A56ECD /* Products */ = {
			isa = PBXGroup;
			children = (
				CA75BF5624FD2BA300A56ECD /* DojoCalculadora.app */,
			);
			name = Products;
			sourceTree = "<group>";
		};
		CA75BF5824FD2BA300A56ECD /* DojoCalculadora */ = {
			isa = PBXGroup;
			children = (
				CA75BF5924FD2BA300A56ECD /* AppDelegate.swift */,
				CA75BF5B24FD2BA300A56ECD /* SceneDelegate.swift */,
				CA75BF5D24FD2BA300A56ECD /* ViewController.swift */,
				CA75BF5F24FD2BA300A56ECD /* Main.storyboard */,
				CA75BF6224FD2BA600A56ECD /* Assets.xcassets */,
				CA75BF6424FD2BA600A56ECD /* LaunchScreen.storyboard */,
				CA75BF6724FD2BA600A56ECD /* Info.plist */,
			);
			path = DojoCalculadora;
			sourceTree = "<group>";
		};
/* End PBXGroup section */

/* Begin PBXNativeTarget section */
		CA75BF5524FD2BA300A56ECD /* DojoCalculadora */ = {
			isa = PBXNativeTarget;
			buildConfigurationList = CA75BF6A24FD2BA600A56ECD /* Build configuration list for PBXNativeTarget "DojoCalculadora" */;
			buildPhases = (
				CA75BF5224FD2BA300A56ECD /* Sources */,
				CA75BF5324FD2BA300A56ECD /* Frameworks */,
				CA75BF5424FD2BA300A56ECD /* Resources */,
			);
			buildRules = (
			);
			dependencies = (
			);
			name = DojoCalculadora;
			productName = DojoCalculadora;
			productReference = CA75BF5624FD2BA300A56ECD /* DojoCalculadora.app */;
			productType = "com.apple.product-type.application";
		};
/* End PBXNativeTarget section */

/* Begin PBXProject section */
		CA75BF4E24FD2BA300A56ECD /* Project object */ = {
			isa = PBXProject;
			attributes = {
				LastSwiftUpdateCheck = 1160;
				LastUpgradeCheck = 1160;
				ORGANIZATIONNAME = "Cesar A. Tavares";
				TargetAttributes = {
					CA75BF5524FD2BA300A56ECD = {
						CreatedOnToolsVersion = 11.6;
					};
				};
			};
			buildConfigurationList = CA75BF5124FD2BA300A56ECD /* Build configuration list for PBXProject "DojoCalculadora" */;
			compatibilityVersion = "Xcode 9.3";
			developmentRegion = en;
			hasScannedForEncodings = 0;
			knownRegions = (
				en,
				Base,
			);
			mainGroup = CA75BF4D24FD2BA300A56ECD;
			productRefGroup = CA75BF5724FD2BA300A56ECD /* Products */;
			projectDirPath = "";
			projectRoot = "";
			targets = (
				CA75BF5524FD2BA300A56ECD /* DojoCalculadora */,
			);
		};
/* End PBXProject section */

/* Begin PBXResourcesBuildPhase section */
		CA75BF5424FD2BA300A56ECD /* Resources */ = {
			isa = PBXResourcesBuildPhase;
			buildActionMask = 2147483647;
			files = (
				CA75BF6624FD2BA600A56ECD /* LaunchScreen.storyboard in Resources */,
				CA75BF6324FD2BA600A56ECD /* Assets.xcassets in Resources */,
				CA75BF6124FD2BA300A56ECD /* Main.storyboard in Resources */,
			);
			runOnlyForDeploymentPostprocessing = 0;
		};
/* End PBXResourcesBuildPhase section */

/* Begin PBXSourcesBuildPhase section */
		CA75BF5224FD2BA300A56ECD /* Sources */ = {
			isa = PBXSourcesBuildPhase;
			buildActionMask = 2147483647;
			files = (
				CA75BF5E24FD2BA300A56ECD /* ViewController.swift in Sources */,
				CA75BF5A24FD2BA300A56ECD /* AppDelegate.swift in Sources */,
				CA75BF5C24FD2BA300A56ECD /* SceneDelegate.swift in Sources */,
			);
			runOnlyForDeploymentPostprocessing = 0;
		};
/* End PBXSourcesBuildPhase section */

/* Begin PBXVariantGroup section */
		CA75BF5F24FD2BA300A56ECD /* Main.storyboard */ = {
			isa = PBXVariantGroup;
			children = (
				CA75BF6024FD2BA300A56ECD /* Base */,
			);
			name = Main.storyboard;
			sourceTree = "<group>";
		};
		CA75BF6424FD2BA600A56ECD /* LaunchScreen.storyboard */ = {
			isa = PBXVariantGroup;
			children = (
				CA75BF6524FD2BA600A56ECD /* Base */,
			);
			name = LaunchScreen.storyboard;
			sourceTree = "<group>";
		};
/* End PBXVariantGroup section */

/* Begin XCBuildConfiguration section */
		CA75BF6824FD2BA600A56ECD /* Debug */ = {
			isa = XCBuildConfiguration;
			buildSettings = {
				ALWAYS_SEARCH_USER_PATHS = NO;
				CLANG_ANALYZER_NONNULL = YES;
				CLANG_ANALYZER_NUMBER_OBJECT_CONVERSION = YES_AGGRESSIVE;
				CLANG_CXX_LANGUAGE_STANDARD = "gnu++14";
				CLANG_CXX_LIBRARY = "libc++";
				CLANG_ENABLE_MODULES = YES;
				CLANG_ENABLE_OBJC_ARC = YES;
				CLANG_ENABLE_OBJC_WEAK = YES;
				CLANG_WARN_BLOCK_CAPTURE_AUTORELEASING = YES;
				CLANG_WARN_BOOL_CONVERSION = YES;
				CLANG_WARN_COMMA = YES;
				CLANG_WARN_CONSTANT_CONVERSION = YES;
				CLANG_WARN_DEPRECATED_OBJC_IMPLEMENTATIONS = YES;
				CLANG_WARN_DIRECT_OBJC_ISA_USAGE = YES_ERROR;
				CLANG_WARN_DOCUMENTATION_COMMENTS = YES;
				CLANG_WARN_EMPTY_BODY = YES;
				CLANG_WARN_ENUM_CONVERSION = YES;
				CLANG_WARN_INFINITE_RECURSION = YES;
				CLANG_WARN_INT_CONVERSION = YES;
				CLANG_WARN_NON_LITERAL_NULL_CONVERSION = YES;
				CLANG_WARN_OBJC_IMPLICIT_RETAIN_SELF = YES;
				CLANG_WARN_OBJC_LITERAL_CONVERSION = YES;
				CLANG_WARN_OBJC_ROOT_CLASS = YES_ERROR;
				CLANG_WARN_RANGE_LOOP_ANALYSIS = YES;
				CLANG_WARN_STRICT_PROTOTYPES = YES;
				CLANG_WARN_SUSPICIOUS_MOVE = YES;
				CLANG_WARN_UNGUARDED_AVAILABILITY = YES_AGGRESSIVE;
				CLANG_WARN_UNREACHABLE_CODE = YES;
				CLANG_WARN__DUPLICATE_METHOD_MATCH = YES;
				COPY_PHASE_STRIP = NO;
				DEBUG_INFORMATION_FORMAT = dwarf;
				ENABLE_STRICT_OBJC_MSGSEND = YES;
				ENABLE_TESTABILITY = YES;
				GCC_C_LANGUAGE_STANDARD = gnu11;
				GCC_DYNAMIC_NO_PIC = NO;
				GCC_NO_COMMON_BLOCKS = YES;
				GCC_OPTIMIZATION_LEVEL = 0;
				GCC_PREPROCESSOR_DEFINITIONS = (
					"DEBUG=1",
					"$(inherited)",
				);
				GCC_WARN_64_TO_32_BIT_CONVERSION = YES;
				GCC_WARN_ABOUT_RETURN_TYPE = YES_ERROR;
				GCC_WARN_UNDECLARED_SELECTOR = YES;
				GCC_WARN_UNINITIALIZED_AUTOS = YES_AGGRESSIVE;
				GCC_WARN_UNUSED_FUNCTION = YES;
				GCC_WARN_UNUSED_VARIABLE = YES;
				IPHONEOS_DEPLOYMENT_TARGET = 13.6;
				MTL_ENABLE_DEBUG_INFO = INCLUDE_SOURCE;
				MTL_FAST_MATH = YES;
				ONLY_ACTIVE_ARCH = YES;
				SDKROOT = iphoneos;
				SWIFT_ACTIVE_COMPILATION_CONDITIONS = DEBUG;
				SWIFT_OPTIMIZATION_LEVEL = "-Onone";
			};
			name = Debug;
		};
		CA75BF6924FD2BA600A56ECD /* Release */ = {
			isa = XCBuildConfiguration;
			buildSettings = {
				ALWAYS_SEARCH_USER_PATHS = NO;
				CLANG_ANALYZER_NONNULL = YES;
				CLANG_ANALYZER_NUMBER_OBJECT_CONVERSION = YES_AGGRESSIVE;
				CLANG_CXX_LANGUAGE_STANDARD = "gnu++14";
				CLANG_CXX_LIBRARY = "libc++";
				CLANG_ENABLE_MODULES = YES;
				CLANG_ENABLE_OBJC_ARC = YES;
				CLANG_ENABLE_OBJC_WEAK = YES;
				CLANG_WARN_BLOCK_CAPTURE_AUTORELEASING = YES;
				CLANG_WARN_BOOL_CONVERSION = YES;
				CLANG_WARN_COMMA = YES;
				CLANG_WARN_CONSTANT_CONVERSION = YES;
				CLANG_WARN_DEPRECATED_OBJC_IMPLEMENTATIONS = YES;
				CLANG_WARN_DIRECT_OBJC_ISA_USAGE = YES_ERROR;
				CLANG_WARN_DOCUMENTATION_COMMENTS = YES;
				CLANG_WARN_EMPTY_BODY = YES;
				CLANG_WARN_ENUM_CONVERSION = YES;
				CLANG_WARN_INFINITE_RECURSION = YES;
				CLANG_WARN_INT_CONVERSION = YES;
				CLANG_WARN_NON_LITERAL_NULL_CONVERSION = YES;
				CLANG_WARN_OBJC_IMPLICIT_RETAIN_SELF = YES;
				CLANG_WARN_OBJC_LITERAL_CONVERSION = YES;
				CLANG_WARN_OBJC_ROOT_CLASS = YES_ERROR;
				CLANG_WARN_RANGE_LOOP_ANALYSIS = YES;
				CLANG_WARN_STRICT_PROTOTYPES = YES;
				CLANG_WARN_SUSPICIOUS_MOVE = YES;
				CLANG_WARN_UNGUARDED_AVAILABILITY = YES_AGGRESSIVE;
				CLANG_WARN_UNREACHABLE_CODE = YES;
				CLANG_WARN__DUPLICATE_METHOD_MATCH = YES;
				COPY_PHASE_STRIP = NO;
				DEBUG_INFORMATION_FORMAT = "dwarf-with-dsym";
				ENABLE_NS_ASSERTIONS = NO;
				ENABLE_STRICT_OBJC_MSGSEND = YES;
				GCC_C_LANGUAGE_STANDARD = gnu11;
				GCC_NO_COMMON_BLOCKS = YES;
				GCC_WARN_64_TO_32_BIT_CONVERSION = YES;
				GCC_WARN_ABOUT_RETURN_TYPE = YES_ERROR;
				GCC_WARN_UNDECLARED_SELECTOR = YES;
				GCC_WARN_UNINITIALIZED_AUTOS = YES_AGGRESSIVE;
				GCC_WARN_UNUSED_FUNCTION = YES;
				GCC_WARN_UNUSED_VARIABLE = YES;
				IPHONEOS_DEPLOYMENT_TARGET = 13.6;
				MTL_ENABLE_DEBUG_INFO = NO;
				MTL_FAST_MATH = YES;
				SDKROOT = iphoneos;
				SWIFT_COMPILATION_MODE = wholemodule;
				SWIFT_OPTIMIZATION_LEVEL = "-O";
				VALIDATE_PRODUCT = YES;
			};
			name = Release;
		};
		CA75BF6B24FD2BA600A56ECD /* Debug */ = {
			isa = XCBuildConfiguration;
			buildSettings = {
				ASSETCATALOG_COMPILER_APPICON_NAME = AppIcon;
				CODE_SIGN_STYLE = Automatic;
				DEVELOPMENT_TEAM = 7QQ8S647LF;
				INFOPLIST_FILE = DojoCalculadora/Info.plist;
				LD_RUNPATH_SEARCH_PATHS = (
					"$(inherited)",
					"@executable_path/Frameworks",
				);
				PRODUCT_BUNDLE_IDENTIFIER = com.cetava.DojoCalculadora;
				PRODUCT_NAME = "$(TARGET_NAME)";
				SWIFT_VERSION = 5.0;
				TARGETED_DEVICE_FAMILY = "1,2";
			};
			name = Debug;
		};
		CA75BF6C24FD2BA600A56ECD /* Release */ = {
			isa = XCBuildConfiguration;
			buildSettings = {
				ASSETCATALOG_COMPILER_APPICON_NAME = AppIcon;
				CODE_SIGN_STYLE = Automatic;
				DEVELOPMENT_TEAM = 7QQ8S647LF;
				INFOPLIST_FILE = DojoCalculadora/Info.plist;
				LD_RUNPATH_SEARCH_PATHS = (
					"$(inherited)",
					"@executable_path/Frameworks",
				);
				PRODUCT_BUNDLE_IDENTIFIER = com.cetava.DojoCalculadora;
				PRODUCT_NAME = "$(TARGET_NAME)";
				SWIFT_VERSION = 5.0;
				TARGETED_DEVICE_FAMILY = "1,2";
			};
			name = Release;
		};
/* End XCBuildConfiguration section */

/* Begin XCConfigurationList section */
		CA75BF5124FD2BA300A56ECD /* Build configuration list for PBXProject "DojoCalculadora" */ = {
			isa = XCConfigurationList;
			buildConfigurations = (
				CA75BF6824FD2BA600A56ECD /* Debug */,
				CA75BF6924FD2BA600A56ECD /* Release */,
			);
			defaultConfigurationIsVisible = 0;
			defaultConfigurationName = Release;
		};
		CA75BF6A24FD2BA600A56ECD /* Build configuration list for PBXNativeTarget "DojoCalculadora" */ = {
			isa = XCConfigurationList;
			buildConfigurations = (
				CA75BF6B24FD2BA600A56ECD /* Debug */,
				CA75BF6C24FD2BA600A56ECD /* Release */,
			);
			defaultConfigurationIsVisible = 0;
			defaultConfigurationName = Release;
		};
/* End XCConfigurationList section */
	};
	rootObject = CA75BF4E24FD2BA300A56ECD /* Project object */;
}
